
Microsoft Visual Studio Solution File, Format Version 12.00
# Visual Studio Version 16
VisualStudioVersion = 16.0.30709.132
MinimumVisualStudioVersion = 10.0.40219.1
Project("{FAE04EC0-301F-11D3-BF4B-00C04F79EFBC}") = "jellytoring-api", "jellytoring-api\jellytoring-api.csproj", "{3153E489-3351-4128-AC18-8A9E700CB55E}"
EndProject
Global
	GlobalSection(SolutionConfigurationPlatforms) = preSolution
		Debug|Any CPU = Debug|Any CPU
		Release|Any CPU = Release|Any CPU
	EndGlobalSection
	GlobalSection(ProjectConfigurationPlatforms) = postSolution
		{3153E489-3351-4128-AC18-8A9E700CB55E}.Debug|Any CPU.ActiveCfg = Debug|Any CPU
		{3153E489-3351-4128-AC18-8A9E700CB55E}.Debug|Any CPU.Build.0 = Debug|Any CPU
		{3153E489-3351-4128-AC18-8A9E700CB55E}.Release|Any CPU.ActiveCfg = Release|Any CPU
		{3153E489-3351-4128-AC18-8A9E700CB55E}.Release|Any CPU.Build.0 = Release|Any CPU
	EndGlobalSection
	GlobalSection(SolutionProperties) = preSolution
		HideSolutionNode = FALSE
	EndGlobalSection
	GlobalSection(ExtensibilityGlobals) = postSolution
		SolutionGuid = {40A1F7B4-1C25-4EE8-BCD8-77E551EED209}
	EndGlobalSection
EndGlobal
